{
  "name": "remark-extract-toc",
  "version": "1.0.0",
  "lockfileVersion": 2,
  "requires": true,
  "packages": {
    "": {
      "version": "1.0.0",
      "license": "Apache-2.0",
      "dependencies": {
        "mdast-util-toc": "^6.0.0"
      },
      "devDependencies": {
        "typescript": "^4.3.5"
      }
    },
    "node_modules/@types/extend": {
      "version": "3.0.1",
      "resolved": "https://registry.npmjs.org/@types/extend/-/extend-3.0.1.tgz",
      "integrity": "sha512-R1g/VyKFFI2HLC1QGAeTtCBWCo6n75l41OnsVYNbmKG+kempOESaodf6BeJyUM3Q0rKa/NQcTHbB2+66lNnxLw=="
    },
    "node_modules/@types/github-slugger": {
      "version": "1.3.0",
      "resolved": "https://registry.npmjs.org/@types/github-slugger/-/github-slugger-1.3.0.tgz",
      "integrity": "sha512-J/rMZa7RqiH/rT29TEVZO4nBoDP9XJOjnbbIofg7GQKs4JIduEO3WLpte+6WeUz/TcrXKlY+bM7FYrp8yFB+3g=="
    },
    "node_modules/@types/mdast": {
      "version": "3.0.4",
      "resolved": "https://registry.npmjs.org/@types/mdast/-/mdast-3.0.4.tgz",
      "integrity": "sha512-gIdhbLDFlspL53xzol2hVzrXAbzt71erJHoOwQZWssjaiouOotf03lNtMmFm9VfFkvnLWccSVjUAZGQ5Kqw+jA==",
      "dependencies": {
        "@types/unist": "*"
      }
    },
    "node_modules/@types/unist": {
      "version": "2.0.6",
      "resolved": "https://registry.npmjs.org/@types/unist/-/unist-2.0.6.tgz",
      "integrity": "sha512-PBjIUxZHOuj0R15/xuwJYjFi+KZdNFrehocChv4g5hu6aFroHue8m0lBP0POdK2nKzbw0cgV1mws8+V/JAcEkQ=="
    },
    "node_modules/emoji-regex": {
      "version": "6.1.1",
      "resolved": "https://registry.npmjs.org/emoji-regex/-/emoji-regex-6.1.1.tgz",
      "integrity": "sha1-xs0OwbBkLio8Z6ETfvxeeW2k+I4="
    },
    "node_modules/extend": {
      "version": "3.0.2",
      "resolved": "https://registry.npmjs.org/extend/-/extend-3.0.2.tgz",
      "integrity": "sha512-fjquC59cD7CyW6urNXK0FBufkZcoiGG80wTuPujX590cB5Ttln20E2UB4S/WARVqhXffZl2LNgS+gQdPIIim/g=="
    },
    "node_modules/github-slugger": {
      "version": "1.3.0",
      "resolved": "https://registry.npmjs.org/github-slugger/-/github-slugger-1.3.0.tgz",
      "integrity": "sha512-gwJScWVNhFYSRDvURk/8yhcFBee6aFjye2a7Lhb2bUyRulpIoek9p0I9Kt7PT67d/nUlZbFu8L9RLiA0woQN8Q==",
      "dependencies": {
        "emoji-regex": ">=6.0.0 <=6.1.1"
      }
    },
    "node_modules/mdast-util-to-string": {
      "version": "3.1.0",
      "resolved": "https://registry.npmjs.org/mdast-util-to-string/-/mdast-util-to-string-3.1.0.tgz",
      "integrity": "sha512-n4Vypz/DZgwo0iMHLQL49dJzlp7YtAJP+N07MZHpjPf/5XJuHUWstviF4Mn2jEiR/GNmtnRRqnwsXExk3igfFA==",
      "funding": {
        "type": "opencollective",
        "url": "https://opencollective.com/unified"
      }
    },
    "node_modules/mdast-util-toc": {
      "version": "6.0.0",
      "resolved": "https://registry.npmjs.org/mdast-util-toc/-/mdast-util-toc-6.0.0.tgz",
      "integrity": "sha512-rzwoIcNVxzcRSy2HVaGmGqJiY5xW0r9fWP0dn8ws090zvnyiZ2LoDi12laspElp8Rr7dwh+RISJQC8Lu7jWvvQ==",
      "dependencies": {
        "@types/extend": "^3.0.0",
        "@types/github-slugger": "^1.0.0",
        "@types/mdast": "^3.0.0",
        "@types/unist": "^2.0.0",
        "extend": "^3.0.0",
        "github-slugger": "^1.0.0",
        "mdast-util-to-string": "^3.1.0",
        "unist-util-is": "^5.0.0",
        "unist-util-visit": "^3.0.0"
      },
      "funding": {
        "type": "opencollective",
        "url": "https://opencollective.com/unified"
      }
    },
    "node_modules/typescript": {
      "version": "4.3.5",
      "resolved": "https://registry.npmjs.org/typescript/-/typescript-4.3.5.tgz",
      "integrity": "sha512-DqQgihaQ9cUrskJo9kIyW/+g0Vxsk8cDtZ52a3NGh0YNTfpUSArXSohyUGnvbPazEPLu398C0UxmKSOrPumUzA==",
      "dev": true,
      "bin": {
        "tsc": "bin/tsc",
        "tsserver": "bin/tsserver"
      },
      "engines": {
        "node": ">=4.2.0"
      }
    },
    "node_modules/unist-util-is": {
      "version": "5.1.0",
      "resolved": "https://registry.npmjs.org/unist-util-is/-/unist-util-is-5.1.0.tgz",
      "integrity": "sha512-pWspZ+AvTqYbC+xWeRmzGqbcY8Na08Eowlfs2xchWTYot8vBBAq+syrE/LWS0bw1D/JOu4lwzDbEb6Mz13tK+g==",
      "funding": {
        "type": "opencollective",
        "url": "https://opencollective.com/unified"
      }
    },
    "node_modules/unist-util-visit": {
      "version": "3.1.0",
      "resolved": "https://registry.npmjs.org/unist-util-visit/-/unist-util-visit-3.1.0.tgz",
      "integrity": "sha512-Szoh+R/Ll68QWAyQyZZpQzZQm2UPbxibDvaY8Xc9SUtYgPsDzx5AWSk++UUt2hJuow8mvwR+rG+LQLw+KsuAKA==",
      "dependencies": {
        "@types/unist": "^2.0.0",
        "unist-util-is": "^5.0.0",
        "unist-util-visit-parents": "^4.0.0"
      },
      "funding": {
        "type": "opencollective",
        "url": "https://opencollective.com/unified"
      }
    },
    "node_modules/unist-util-visit-parents": {
      "version": "4.1.1",
      "resolved": "https://registry.npmjs.org/unist-util-visit-parents/-/unist-util-visit-parents-4.1.1.tgz",
      "integrity": "sha512-1xAFJXAKpnnJl8G7K5KgU7FY55y3GcLIXqkzUj5QF/QVP7biUm0K0O2oqVkYsdjzJKifYeWn9+o6piAK2hGSHw==",
      "dependencies": {
        "@types/unist": "^2.0.0",
        "unist-util-is": "^5.0.0"
      },
      "funding": {
        "type": "opencollective",
        "url": "https://opencollective.com/unified"
      }
    }
  },
  "dependencies": {
    "@types/extend": {
      "version": "3.0.1",
      "resolved": "https://registry.npmjs.org/@types/extend/-/extend-3.0.1.tgz",
      "integrity": "sha512-R1g/VyKFFI2HLC1QGAeTtCBWCo6n75l41OnsVYNbmKG+kempOESaodf6BeJyUM3Q0rKa/NQcTHbB2+66lNnxLw=="
    },
    "@types/github-slugger": {
      "version": "1.3.0",
      "resolved": "https://registry.npmjs.org/@types/github-slugger/-/github-slugger-1.3.0.tgz",
      "integrity": "sha512-J/rMZa7RqiH/rT29TEVZO4nBoDP9XJOjnbbIofg7GQKs4JIduEO3WLpte+6WeUz/TcrXKlY+bM7FYrp8yFB+3g=="
    },
    "@types/mdast": {
      "version": "3.0.4",
      "resolved": "https://registry.npmjs.org/@types/mdast/-/mdast-3.0.4.tgz",
      "integrity": "sha512-gIdhbLDFlspL53xzol2hVzrXAbzt71erJHoOwQZWssjaiouOotf03lNtMmFm9VfFkvnLWccSVjUAZGQ5Kqw+jA==",
      "requires": {
        "@types/unist": "*"
      }
    },
    "@types/unist": {
      "version": "2.0.6",
      "resolved": "https://registry.npmjs.org/@types/unist/-/unist-2.0.6.tgz",
      "integrity": "sha512-PBjIUxZHOuj0R15/xuwJYjFi+KZdNFrehocChv4g5hu6aFroHue8m0lBP0POdK2nKzbw0cgV1mws8+V/JAcEkQ=="
    },
    "emoji-regex": {
      "version": "6.1.1",
      "resolved": "https://registry.npmjs.org/emoji-regex/-/emoji-regex-6.1.1.tgz",
      "integrity": "sha1-xs0OwbBkLio8Z6ETfvxeeW2k+I4="
    },
    "extend": {
      "version": "3.0.2",
      "resolved": "https://registry.npmjs.org/extend/-/extend-3.0.2.tgz",
      "integrity": "sha512-fjquC59cD7CyW6urNXK0FBufkZcoiGG80wTuPujX590cB5Ttln20E2UB4S/WARVqhXffZl2LNgS+gQdPIIim/g=="
    },
    "github-slugger": {
      "version": "1.3.0",
      "resolved": "https://registry.npmjs.org/github-slugger/-/github-slugger-1.3.0.tgz",
      "integrity": "sha512-gwJScWVNhFYSRDvURk/8yhcFBee6aFjye2a7Lhb2bUyRulpIoek9p0I9Kt7PT67d/nUlZbFu8L9RLiA0woQN8Q==",
      "requires": {
        "emoji-regex": ">=6.0.0 <=6.1.1"
      }
    },
    "mdast-util-to-string": {
      "version": "3.1.0",
      "resolved": "https://registry.npmjs.org/mdast-util-to-string/-/mdast-util-to-string-3.1.0.tgz",
      "integrity": "sha512-n4Vypz/DZgwo0iMHLQL49dJzlp7YtAJP+N07MZHpjPf/5XJuHUWstviF4Mn2jEiR/GNmtnRRqnwsXExk3igfFA=="
    },
    "mdast-util-toc": {
      "version": "6.0.0",
      "resolved": "https://registry.npmjs.org/mdast-util-toc/-/mdast-util-toc-6.0.0.tgz",
      "integrity": "sha512-rzwoIcNVxzcRSy2HVaGmGqJiY5xW0r9fWP0dn8ws090zvnyiZ2LoDi12laspElp8Rr7dwh+RISJQC8Lu7jWvvQ==",
      "requires": {
        "@types/extend": "^3.0.0",
        "@types/github-slugger": "^1.0.0",
        "@types/mdast": "^3.0.0",
        "@types/unist": "^2.0.0",
        "extend": "^3.0.0",
        "github-slugger": "^1.0.0",
        "mdast-util-to-string": "^3.1.0",
        "unist-util-is": "^5.0.0",
        "unist-util-visit": "^3.0.0"
      }
    },
    "typescript": {
      "version": "4.3.5",
      "resolved": "https://registry.npmjs.org/typescript/-/typescript-4.3.5.tgz",
      "integrity": "sha512-DqQgihaQ9cUrskJo9kIyW/+g0Vxsk8cDtZ52a3NGh0YNTfpUSArXSohyUGnvbPazEPLu398C0UxmKSOrPumUzA==",
      "dev": true
    },
    "unist-util-is": {
      "version": "5.1.0",
      "resolved": "https://registry.npmjs.org/unist-util-is/-/unist-util-is-5.1.0.tgz",
      "integrity": "sha512-pWspZ+AvTqYbC+xWeRmzGqbcY8Na08Eowlfs2xchWTYot8vBBAq+syrE/LWS0bw1D/JOu4lwzDbEb6Mz13tK+g=="
    },
    "unist-util-visit": {
      "version": "3.1.0",
      "resolved": "https://registry.npmjs.org/unist-util-visit/-/unist-util-visit-3.1.0.tgz",
      "integrity": "sha512-Szoh+R/Ll68QWAyQyZZpQzZQm2UPbxibDvaY8Xc9SUtYgPsDzx5AWSk++UUt2hJuow8mvwR+rG+LQLw+KsuAKA==",
      "requires": {
        "@types/unist": "^2.0.0",
        "unist-util-is": "^5.0.0",
        "unist-util-visit-parents": "^4.0.0"
      }
    },
    "unist-util-visit-parents": {
      "version": "4.1.1",
      "resolved": "https://registry.npmjs.org/unist-util-visit-parents/-/unist-util-visit-parents-4.1.1.tgz",
      "integrity": "sha512-1xAFJXAKpnnJl8G7K5KgU7FY55y3GcLIXqkzUj5QF/QVP7biUm0K0O2oqVkYsdjzJKifYeWn9+o6piAK2hGSHw==",
      "requires": {
        "@types/unist": "^2.0.0",
        "unist-util-is": "^5.0.0"
      }
    }
  }
}
